// !$*UTF8*$!
{
	archiveVersion = 1;
	classes = {
	};
	objectVersion = 50;
	objects = {

/* Begin PBXBuildFile section */
		7837018A23774C2700D7CE9E /* AppDelegate.swift in Sources */ = {isa = PBXBuildFile; fileRef = 7837018923774C2700D7CE9E /* AppDelegate.swift */; };
		7837018C23774C2700D7CE9E /* SceneDelegate.swift in Sources */ = {isa = PBXBuildFile; fileRef = 7837018B23774C2700D7CE9E /* SceneDelegate.swift */; };
		7837018E23774C2700D7CE9E /* ViewController.swift in Sources */ = {isa = PBXBuildFile; fileRef = 7837018D23774C2700D7CE9E /* ViewController.swift */; };
		7837019123774C2700D7CE9E /* Main.storyboard in Resources */ = {isa = PBXBuildFile; fileRef = 7837018F23774C2700D7CE9E /* Main.storyboard */; };
		7837019323774C2800D7CE9E /* Assets.xcassets in Resources */ = {isa = PBXBuildFile; fileRef = 7837019223774C2800D7CE9E /* Assets.xcassets */; };
		7837019623774C2800D7CE9E /* LaunchScreen.storyboard in Resources */ = {isa = PBXBuildFile; fileRef = 7837019423774C2800D7CE9E /* LaunchScreen.storyboard */; };
		783701A123774C2800D7CE9E /* testTests.swift in Sources */ = {isa = PBXBuildFile; fileRef = 783701A023774C2800D7CE9E /* testTests.swift */; };
		783701AC23774C2800D7CE9E /* testUITests.swift in Sources */ = {isa = PBXBuildFile; fileRef = 783701AB23774C2800D7CE9E /* testUITests.swift */; };
/* End PBXBuildFile section */

/* Begin PBXContainerItemProxy section */
		7837019D23774C2800D7CE9E /* PBXContainerItemProxy */ = {
			isa = PBXContainerItemProxy;
			containerPortal = 7837017E23774C2700D7CE9E /* Project object */;
			proxyType = 1;
			remoteGlobalIDString = 7837018523774C2700D7CE9E;
			remoteInfo = test;
		};
		783701A823774C2800D7CE9E /* PBXContainerItemProxy */ = {
			isa = PBXContainerItemProxy;
			containerPortal = 7837017E23774C2700D7CE9E /* Project object */;
			proxyType = 1;
			remoteGlobalIDString = 7837018523774C2700D7CE9E;
			remoteInfo = test;
		};
/* End PBXContainerItemProxy section */

/* Begin PBXFileReference section */
		7837018623774C2700D7CE9E /* SCDAO OCR.app */ = {isa = PBXFileReference; explicitFileType = wrapper.application; includeInIndex = 0; path = "SCDAO OCR.app"; sourceTree = BUILT_PRODUCTS_DIR; };
		7837018923774C2700D7CE9E /* AppDelegate.swift */ = {isa = PBXFileReference; lastKnownFileType = sourcecode.swift; path = AppDelegate.swift; sourceTree = "<group>"; };
		7837018B23774C2700D7CE9E /* SceneDelegate.swift */ = {isa = PBXFileReference; lastKnownFileType = sourcecode.swift; path = SceneDelegate.swift; sourceTree = "<group>"; };
		7837018D23774C2700D7CE9E /* ViewController.swift */ = {isa = PBXFileReference; lastKnownFileType = sourcecode.swift; path = ViewController.swift; sourceTree = "<group>"; };
		7837019023774C2700D7CE9E /* Base */ = {isa = PBXFileReference; lastKnownFileType = file.storyboard; name = Base; path = Base.lproj/Main.storyboard; sourceTree = "<group>"; };
		7837019223774C2800D7CE9E /* Assets.xcassets */ = {isa = PBXFileReference; lastKnownFileType = folder.assetcatalog; path = Assets.xcassets; sourceTree = "<group>"; };
		7837019523774C2800D7CE9E /* Base */ = {isa = PBXFileReference; lastKnownFileType = file.storyboard; name = Base; path = Base.lproj/LaunchScreen.storyboard; sourceTree = "<group>"; };
		7837019723774C2800D7CE9E /* Info.plist */ = {isa = PBXFileReference; lastKnownFileType = text.plist.xml; path = Info.plist; sourceTree = "<group>"; };
		7837019C23774C2800D7CE9E /* testTests.xctest */ = {isa = PBXFileReference; explicitFileType = wrapper.cfbundle; includeInIndex = 0; path = testTests.xctest; sourceTree = BUILT_PRODUCTS_DIR; };
		783701A023774C2800D7CE9E /* testTests.swift */ = {isa = PBXFileReference; lastKnownFileType = sourcecode.swift; path = testTests.swift; sourceTree = "<group>"; };
		783701A223774C2800D7CE9E /* Info.plist */ = {isa = PBXFileReference; lastKnownFileType = text.plist.xml; path = Info.plist; sourceTree = "<group>"; };
		783701A723774C2800D7CE9E /* testUITests.xctest */ = {isa = PBXFileReference; explicitFileType = wrapper.cfbundle; includeInIndex = 0; path = testUITests.xctest; sourceTree = BUILT_PRODUCTS_DIR; };
		783701AB23774C2800D7CE9E /* testUITests.swift */ = {isa = PBXFileReference; lastKnownFileType = sourcecode.swift; path = testUITests.swift; sourceTree = "<group>"; };
		783701AD23774C2800D7CE9E /* Info.plist */ = {isa = PBXFileReference; lastKnownFileType = text.plist.xml; path = Info.plist; sourceTree = "<group>"; };
/* End PBXFileReference section */

/* Begin PBXFrameworksBuildPhase section */
		7837018323774C2700D7CE9E /* Frameworks */ = {
			isa = PBXFrameworksBuildPhase;
			buildActionMask = 2147483647;
			files = (
			);
			runOnlyForDeploymentPostprocessing = 0;
		};
		7837019923774C2800D7CE9E /* Frameworks */ = {
			isa = PBXFrameworksBuildPhase;
			buildActionMask = 2147483647;
			files = (
			);
			runOnlyForDeploymentPostprocessing = 0;
		};
		783701A423774C2800D7CE9E /* Frameworks */ = {
			isa = PBXFrameworksBuildPhase;
			buildActionMask = 2147483647;
			files = (
			);
			runOnlyForDeploymentPostprocessing = 0;
		};
/* End PBXFrameworksBuildPhase section */

/* Begin PBXGroup section */
		7837017D23774C2700D7CE9E = {
			isa = PBXGroup;
			children = (
				7837018823774C2700D7CE9E /* test */,
				7837019F23774C2800D7CE9E /* testTests */,
				783701AA23774C2800D7CE9E /* testUITests */,
				7837018723774C2700D7CE9E /* Products */,
			);
			sourceTree = "<group>";
		};
		7837018723774C2700D7CE9E /* Products */ = {
			isa = PBXGroup;
			children = (
				7837018623774C2700D7CE9E /* SCDAO OCR.app */,
				7837019C23774C2800D7CE9E /* testTests.xctest */,
				783701A723774C2800D7CE9E /* testUITests.xctest */,
			);
			name = Products;
			sourceTree = "<group>";
		};
		7837018823774C2700D7CE9E /* test */ = {
			isa = PBXGroup;
			children = (
				7837018923774C2700D7CE9E /* AppDelegate.swift */,
				7837018B23774C2700D7CE9E /* SceneDelegate.swift */,
				7837018F23774C2700D7CE9E /* Main.storyboard */,
				7837018D23774C2700D7CE9E /* ViewController.swift */,
				7837019223774C2800D7CE9E /* Assets.xcassets */,
				7837019423774C2800D7CE9E /* LaunchScreen.storyboard */,
				7837019723774C2800D7CE9E /* Info.plist */,
			);
			path = test;
			sourceTree = "<group>";
		};
		7837019F23774C2800D7CE9E /* testTests */ = {
			isa = PBXGroup;
			children = (
				783701A023774C2800D7CE9E /* testTests.swift */,
				783701A223774C2800D7CE9E /* Info.plist */,
			);
			path = testTests;
			sourceTree = "<group>";
		};
		783701AA23774C2800D7CE9E /* testUITests */ = {
			isa = PBXGroup;
			children = (
				783701AB23774C2800D7CE9E /* testUITests.swift */,
				783701AD23774C2800D7CE9E /* Info.plist */,
			);
			path = testUITests;
			sourceTree = "<group>";
		};
/* End PBXGroup section */

/* Begin PBXNativeTarget section */
		7837018523774C2700D7CE9E /* test */ = {
			isa = PBXNativeTarget;
			buildConfigurationList = 783701B023774C2800D7CE9E /* Build configuration list for PBXNativeTarget "test" */;
			buildPhases = (
				7837018223774C2700D7CE9E /* Sources */,
				7837018323774C2700D7CE9E /* Frameworks */,
				7837018423774C2700D7CE9E /* Resources */,
			);
			buildRules = (
			);
			dependencies = (
			);
			name = test;
			productName = test;
			productReference = 7837018623774C2700D7CE9E /* SCDAO OCR.app */;
			productType = "com.apple.product-type.application";
		};
		7837019B23774C2800D7CE9E /* testTests */ = {
			isa = PBXNativeTarget;
			buildConfigurationList = 783701B323774C2800D7CE9E /* Build configuration list for PBXNativeTarget "testTests" */;
			buildPhases = (
				7837019823774C2800D7CE9E /* Sources */,
				7837019923774C2800D7CE9E /* Frameworks */,
				7837019A23774C2800D7CE9E /* Resources */,
			);
			buildRules = (
			);
			dependencies = (
				7837019E23774C2800D7CE9E /* PBXTargetDependency */,
			);
			name = testTests;
			productName = testTests;
			productReference = 7837019C23774C2800D7CE9E /* testTests.xctest */;
			productType = "com.apple.product-type.bundle.unit-test";
		};
		783701A623774C2800D7CE9E /* testUITests */ = {
			isa = PBXNativeTarget;
			buildConfigurationList = 783701B623774C2800D7CE9E /* Build configuration list for PBXNativeTarget "testUITests" */;
			buildPhases = (
				783701A323774C2800D7CE9E /* Sources */,
				783701A423774C2800D7CE9E /* Frameworks */,
				783701A523774C2800D7CE9E /* Resources */,
			);
			buildRules = (
			);
			dependencies = (
				783701A923774C2800D7CE9E /* PBXTargetDependency */,
			);
			name = testUITests;
			productName = testUITests;
			productReference = 783701A723774C2800D7CE9E /* testUITests.xctest */;
			productType = "com.apple.product-type.bundle.ui-testing";
		};
/* End PBXNativeTarget section */

/* Begin PBXProject section */
		7837017E23774C2700D7CE9E /* Project object */ = {
			isa = PBXProject;
			attributes = {
				LastSwiftUpdateCheck = 1110;
				LastUpgradeCheck = 1110;
				ORGANIZATIONNAME = "Masayoshi Iwasa";
				TargetAttributes = {
					7837018523774C2700D7CE9E = {
						CreatedOnToolsVersion = 11.1;
					};
					7837019B23774C2800D7CE9E = {
						CreatedOnToolsVersion = 11.1;
						TestTargetID = 7837018523774C2700D7CE9E;
					};
					783701A623774C2800D7CE9E = {
						CreatedOnToolsVersion = 11.1;
						TestTargetID = 7837018523774C2700D7CE9E;
					};
				};
			};
			buildConfigurationList = 7837018123774C2700D7CE9E /* Build configuration list for PBXProject "test" */;
			compatibilityVersion = "Xcode 9.3";
			developmentRegion = en;
			hasScannedForEncodings = 0;
			knownRegions = (
				en,
				Base,
			);
			mainGroup = 7837017D23774C2700D7CE9E;
			productRefGroup = 7837018723774C2700D7CE9E /* Products */;
			projectDirPath = "";
			projectRoot = "";
			targets = (
				7837018523774C2700D7CE9E /* test */,
				7837019B23774C2800D7CE9E /* testTests */,
				783701A623774C2800D7CE9E /* testUITests */,
			);
		};
/* End PBXProject section */

/* Begin PBXResourcesBuildPhase section */
		7837018423774C2700D7CE9E /* Resources */ = {
			isa = PBXResourcesBuildPhase;
			buildActionMask = 2147483647;
			files = (
				7837019623774C2800D7CE9E /* LaunchScreen.storyboard in Resources */,
				7837019323774C2800D7CE9E /* Assets.xcassets in Resources */,
				7837019123774C2700D7CE9E /* Main.storyboard in Resources */,
			);
			runOnlyForDeploymentPostprocessing = 0;
		};
		7837019A23774C2800D7CE9E /* Resources */ = {
			isa = PBXResourcesBuildPhase;
			buildActionMask = 2147483647;
			files = (
			);
			runOnlyForDeploymentPostprocessing = 0;
		};
		783701A523774C2800D7CE9E /* Resources */ = {
			isa = PBXResourcesBuildPhase;
			buildActionMask = 2147483647;
			files = (
			);
			runOnlyForDeploymentPostprocessing = 0;
		};
/* End PBXResourcesBuildPhase section */

/* Begin PBXSourcesBuildPhase section */
		7837018223774C2700D7CE9E /* Sources */ = {
			isa = PBXSourcesBuildPhase;
			buildActionMask = 2147483647;
			files = (
				7837018E23774C2700D7CE9E /* ViewController.swift in Sources */,
				7837018A23774C2700D7CE9E /* AppDelegate.swift in Sources */,
				7837018C23774C2700D7CE9E /* SceneDelegate.swift in Sources */,
			);
			runOnlyForDeploymentPostprocessing = 0;
		};
		7837019823774C2800D7CE9E /* Sources */ = {
			isa = PBXSourcesBuildPhase;
			buildActionMask = 2147483647;
			files = (
				783701A123774C2800D7CE9E /* testTests.swift in Sources */,
			);
			runOnlyForDeploymentPostprocessing = 0;
		};
		783701A323774C2800D7CE9E /* Sources */ = {
			isa = PBXSourcesBuildPhase;
			buildActionMask = 2147483647;
			files = (
				783701AC23774C2800D7CE9E /* testUITests.swift in Sources */,
			);
			runOnlyForDeploymentPostprocessing = 0;
		};
/* End PBXSourcesBuildPhase section */

/* Begin PBXTargetDependency section */
		7837019E23774C2800D7CE9E /* PBXTargetDependency */ = {
			isa = PBXTargetDependency;
			target = 7837018523774C2700D7CE9E /* test */;
			targetProxy = 7837019D23774C2800D7CE9E /* PBXContainerItemProxy */;
		};
		783701A923774C2800D7CE9E /* PBXTargetDependency */ = {
			isa = PBXTargetDependency;
			target = 7837018523774C2700D7CE9E /* test */;
			targetProxy = 783701A823774C2800D7CE9E /* PBXContainerItemProxy */;
		};
/* End PBXTargetDependency section */

/* Begin PBXVariantGroup section */
		7837018F23774C2700D7CE9E /* Main.storyboard */ = {
			isa = PBXVariantGroup;
			children = (
				7837019023774C2700D7CE9E /* Base */,
			);
			name = Main.storyboard;
			sourceTree = "<group>";
		};
		7837019423774C2800D7CE9E /* LaunchScreen.storyboard */ = {
			isa = PBXVariantGroup;
			children = (
				7837019523774C2800D7CE9E /* Base */,
			);
			name = LaunchScreen.storyboard;
			sourceTree = "<group>";
		};
/* End PBXVariantGroup section */

/* Begin XCBuildConfiguration section */
		783701AE23774C2800D7CE9E /* Debug */ = {
			isa = XCBuildConfiguration;
			buildSettings = {
				ALWAYS_SEARCH_USER_PATHS = NO;
				CLANG_ANALYZER_NONNULL = YES;
				CLANG_ANALYZER_NUMBER_OBJECT_CONVERSION = YES_AGGRESSIVE;
				CLANG_CXX_LANGUAGE_STANDARD = "gnu++14";
				CLANG_CXX_LIBRARY = "libc++";
				CLANG_ENABLE_MODULES = YES;
				CLANG_ENABLE_OBJC_ARC = YES;
				CLANG_ENABLE_OBJC_WEAK = YES;
				CLANG_WARN_BLOCK_CAPTURE_AUTORELEASING = YES;
				CLANG_WARN_BOOL_CONVERSION = YES;
				CLANG_WARN_COMMA = YES;
				CLANG_WARN_CONSTANT_CONVERSION = YES;
				CLANG_WARN_DEPRECATED_OBJC_IMPLEMENTATIONS = YES;
				CLANG_WARN_DIRECT_OBJC_ISA_USAGE = YES_ERROR;
				CLANG_WARN_DOCUMENTATION_COMMENTS = YES;
				CLANG_WARN_EMPTY_BODY = YES;
				CLANG_WARN_ENUM_CONVERSION = YES;
				CLANG_WARN_INFINITE_RECURSION = YES;
				CLANG_WARN_INT_CONVERSION = YES;
				CLANG_WARN_NON_LITERAL_NULL_CONVERSION = YES;
				CLANG_WARN_OBJC_IMPLICIT_RETAIN_SELF = YES;
				CLANG_WARN_OBJC_LITERAL_CONVERSION = YES;
				CLANG_WARN_OBJC_ROOT_CLASS = YES_ERROR;
				CLANG_WARN_RANGE_LOOP_ANALYSIS = YES;
				CLANG_WARN_STRICT_PROTOTYPES = YES;
				CLANG_WARN_SUSPICIOUS_MOVE = YES;
				CLANG_WARN_UNGUARDED_AVAILABILITY = YES_AGGRESSIVE;
				CLANG_WARN_UNREACHABLE_CODE = YES;
				CLANG_WARN__DUPLICATE_METHOD_MATCH = YES;
				COPY_PHASE_STRIP = NO;
				DEBUG_INFORMATION_FORMAT = dwarf;
				ENABLE_STRICT_OBJC_MSGSEND = YES;
				ENABLE_TESTABILITY = YES;
				GCC_C_LANGUAGE_STANDARD = gnu11;
				GCC_DYNAMIC_NO_PIC = NO;
				GCC_NO_COMMON_BLOCKS = YES;
				GCC_OPTIMIZATION_LEVEL = 0;
				GCC_PREPROCESSOR_DEFINITIONS = (
					"DEBUG=1",
					"$(inherited)",
				);
				GCC_WARN_64_TO_32_BIT_CONVERSION = YES;
				GCC_WARN_ABOUT_RETURN_TYPE = YES_ERROR;
				GCC_WARN_UNDECLARED_SELECTOR = YES;
				GCC_WARN_UNINITIALIZED_AUTOS = YES_AGGRESSIVE;
				GCC_WARN_UNUSED_FUNCTION = YES;
				GCC_WARN_UNUSED_VARIABLE = YES;
				IPHONEOS_DEPLOYMENT_TARGET = 13.1;
				MTL_ENABLE_DEBUG_INFO = INCLUDE_SOURCE;
				MTL_FAST_MATH = YES;
				ONLY_ACTIVE_ARCH = YES;
				SDKROOT = iphoneos;
				SWIFT_ACTIVE_COMPILATION_CONDITIONS = DEBUG;
				SWIFT_OPTIMIZATION_LEVEL = "-Onone";
			};
			name = Debug;
		};
		783701AF23774C2800D7CE9E /* Release */ = {
			isa = XCBuildConfiguration;
			buildSettings = {
				ALWAYS_SEARCH_USER_PATHS = NO;
				CLANG_ANALYZER_NONNULL = YES;
				CLANG_ANALYZER_NUMBER_OBJECT_CONVERSION = YES_AGGRESSIVE;
				CLANG_CXX_LANGUAGE_STANDARD = "gnu++14";
				CLANG_CXX_LIBRARY = "libc++";
				CLANG_ENABLE_MODULES = YES;
				CLANG_ENABLE_OBJC_ARC = YES;
				CLANG_ENABLE_OBJC_WEAK = YES;
				CLANG_WARN_BLOCK_CAPTURE_AUTORELEASING = YES;
				CLANG_WARN_BOOL_CONVERSION = YES;
				CLANG_WARN_COMMA = YES;
				CLANG_WARN_CONSTANT_CONVERSION = YES;
				CLANG_WARN_DEPRECATED_OBJC_IMPLEMENTATIONS = YES;
				CLANG_WARN_DIRECT_OBJC_ISA_USAGE = YES_ERROR;
				CLANG_WARN_DOCUMENTATION_COMMENTS = YES;
				CLANG_WARN_EMPTY_BODY = YES;
				CLANG_WARN_ENUM_CONVERSION = YES;
				CLANG_WARN_INFINITE_RECURSION = YES;
				CLANG_WARN_INT_CONVERSION = YES;
				CLANG_WARN_NON_LITERAL_NULL_CONVERSION = YES;
				CLANG_WARN_OBJC_IMPLICIT_RETAIN_SELF = YES;
				CLANG_WARN_OBJC_LITERAL_CONVERSION = YES;
				CLANG_WARN_OBJC_ROOT_CLASS = YES_ERROR;
				CLANG_WARN_RANGE_LOOP_ANALYSIS = YES;
				CLANG_WARN_STRICT_PROTOTYPES = YES;
				CLANG_WARN_SUSPICIOUS_MOVE = YES;
				CLANG_WARN_UNGUARDED_AVAILABILITY = YES_AGGRESSIVE;
				CLANG_WARN_UNREACHABLE_CODE = YES;
				CLANG_WARN__DUPLICATE_METHOD_MATCH = YES;
				COPY_PHASE_STRIP = NO;
				DEBUG_INFORMATION_FORMAT = "dwarf-with-dsym";
				ENABLE_NS_ASSERTIONS = NO;
				ENABLE_STRICT_OBJC_MSGSEND = YES;
				GCC_C_LANGUAGE_STANDARD = gnu11;
				GCC_NO_COMMON_BLOCKS = YES;
				GCC_WARN_64_TO_32_BIT_CONVERSION = YES;
				GCC_WARN_ABOUT_RETURN_TYPE = YES_ERROR;
				GCC_WARN_UNDECLARED_SELECTOR = YES;
				GCC_WARN_UNINITIALIZED_AUTOS = YES_AGGRESSIVE;
				GCC_WARN_UNUSED_FUNCTION = YES;
				GCC_WARN_UNUSED_VARIABLE = YES;
				IPHONEOS_DEPLOYMENT_TARGET = 13.1;
				MTL_ENABLE_DEBUG_INFO = NO;
				MTL_FAST_MATH = YES;
				SDKROOT = iphoneos;
				SWIFT_COMPILATION_MODE = wholemodule;
				SWIFT_OPTIMIZATION_LEVEL = "-O";
				VALIDATE_PRODUCT = YES;
			};
			name = Release;
		};
		783701B123774C2800D7CE9E /* Debug */ = {
			isa = XCBuildConfiguration;
			buildSettings = {
				ASSETCATALOG_COMPILER_APPICON_NAME = AppIcon;
				CODE_SIGN_STYLE = Automatic;
				DEVELOPMENT_TEAM = AL3562FU2X;
				INFOPLIST_FILE = test/Info.plist;
				LD_RUNPATH_SEARCH_PATHS = (
					"$(inherited)",
					"@executable_path/Frameworks",
				);
				PRODUCT_BUNDLE_IDENTIFIER = "com.masa-iwasa";
				PRODUCT_NAME = "SCDAO OCR";
				SWIFT_VERSION = 5.0;
				TARGETED_DEVICE_FAMILY = "1,2";
			};
			name = Debug;
		};
		783701B223774C2800D7CE9E /* Release */ = {
			isa = XCBuildConfiguration;
			buildSettings = {
				ASSETCATALOG_COMPILER_APPICON_NAME = AppIcon;
				CODE_SIGN_STYLE = Automatic;
				DEVELOPMENT_TEAM = AL3562FU2X;
				INFOPLIST_FILE = test/Info.plist;
				LD_RUNPATH_SEARCH_PATHS = (
					"$(inherited)",
					"@executable_path/Frameworks",
				);
				PRODUCT_BUNDLE_IDENTIFIER = "com.masa-iwasa";
				PRODUCT_NAME = "SCDAO OCR";
				SWIFT_VERSION = 5.0;
				TARGETED_DEVICE_FAMILY = "1,2";
			};
			name = Release;
		};
		783701B423774C2800D7CE9E /* Debug */ = {
			isa = XCBuildConfiguration;
			buildSettings = {
				ALWAYS_EMBED_SWIFT_STANDARD_LIBRARIES = YES;
				BUNDLE_LOADER = "$(TEST_HOST)";
				CODE_SIGN_STYLE = Automatic;
				INFOPLIST_FILE = testTests/Info.plist;
				IPHONEOS_DEPLOYMENT_TARGET = 13.1;
				LD_RUNPATH_SEARCH_PATHS = (
					"$(inherited)",
					"@executable_path/Frameworks",
					"@loader_path/Frameworks",
				);
				PRODUCT_BUNDLE_IDENTIFIER = me.masaiwasa.testTests;
				PRODUCT_NAME = "$(TARGET_NAME)";
				SWIFT_VERSION = 5.0;
				TARGETED_DEVICE_FAMILY = "1,2";
				TEST_HOST = "$(BUILT_PRODUCTS_DIR)/test.app/test";
			};
			name = Debug;
		};
		783701B523774C2800D7CE9E /* Release */ = {
			isa = XCBuildConfiguration;
			buildSettings = {
				ALWAYS_EMBED_SWIFT_STANDARD_LIBRARIES = YES;
				BUNDLE_LOADER = "$(TEST_HOST)";
				CODE_SIGN_STYLE = Automatic;
				INFOPLIST_FILE = testTests/Info.plist;
				IPHONEOS_DEPLOYMENT_TARGET = 13.1;
				LD_RUNPATH_SEARCH_PATHS = (
					"$(inherited)",
					"@executable_path/Frameworks",
					"@loader_path/Frameworks",
				);
				PRODUCT_BUNDLE_IDENTIFIER = me.masaiwasa.testTests;
				PRODUCT_NAME = "$(TARGET_NAME)";
				SWIFT_VERSION = 5.0;
				TARGETED_DEVICE_FAMILY = "1,2";
				TEST_HOST = "$(BUILT_PRODUCTS_DIR)/test.app/test";
			};
			name = Release;
		};
		783701B723774C2800D7CE9E /* Debug */ = {
			isa = XCBuildConfiguration;
			buildSettings = {
				ALWAYS_EMBED_SWIFT_STANDARD_LIBRARIES = YES;
				CODE_SIGN_STYLE = Automatic;
				INFOPLIST_FILE = testUITests/Info.plist;
				LD_RUNPATH_SEARCH_PATHS = (
					"$(inherited)",
					"@executable_path/Frameworks",
					"@loader_path/Frameworks",
				);
				PRODUCT_BUNDLE_IDENTIFIER = me.masaiwasa.testUITests;
				PRODUCT_NAME = "$(TARGET_NAME)";
				SWIFT_VERSION = 5.0;
				TARGETED_DEVICE_FAMILY = "1,2";
				TEST_TARGET_NAME = test;
			};
			name = Debug;
		};
		783701B823774C2800D7CE9E /* Release */ = {
			isa = XCBuildConfiguration;
			buildSettings = {
				ALWAYS_EMBED_SWIFT_STANDARD_LIBRARIES = YES;
				CODE_SIGN_STYLE = Automatic;
				INFOPLIST_FILE = testUITests/Info.plist;
				LD_RUNPATH_SEARCH_PATHS = (
					"$(inherited)",
					"@executable_path/Frameworks",
					"@loader_path/Frameworks",
				);
				PRODUCT_BUNDLE_IDENTIFIER = me.masaiwasa.testUITests;
				PRODUCT_NAME = "$(TARGET_NAME)";
				SWIFT_VERSION = 5.0;
				TARGETED_DEVICE_FAMILY = "1,2";
				TEST_TARGET_NAME = test;
			};
			name = Release;
		};
/* End XCBuildConfiguration section */

/* Begin XCConfigurationList section */
		7837018123774C2700D7CE9E /* Build configuration list for PBXProject "test" */ = {
			isa = XCConfigurationList;
			buildConfigurations = (
				783701AE23774C2800D7CE9E /* Debug */,
				783701AF23774C2800D7CE9E /* Release */,
			);
			defaultConfigurationIsVisible = 0;
			defaultConfigurationName = Release;
		};
		783701B023774C2800D7CE9E /* Build configuration list for PBXNativeTarget "test" */ = {
			isa = XCConfigurationList;
			buildConfigurations = (
				783701B123774C2800D7CE9E /* Debug */,
				783701B223774C2800D7CE9E /* Release */,
			);
			defaultConfigurationIsVisible = 0;
			defaultConfigurationName = Release;
		};
		783701B323774C2800D7CE9E /* Build configuration list for PBXNativeTarget "testTests" */ = {
			isa = XCConfigurationList;
			buildConfigurations = (
				783701B423774C2800D7CE9E /* Debug */,
				783701B523774C2800D7CE9E /* Release */,
			);
			defaultConfigurationIsVisible = 0;
			defaultConfigurationName = Release;
		};
		783701B623774C2800D7CE9E /* Build configuration list for PBXNativeTarget "testUITests" */ = {
			isa = XCConfigurationList;
			buildConfigurations = (
				783701B723774C2800D7CE9E /* Debug */,
				783701B823774C2800D7CE9E /* Release */,
			);
			defaultConfigurationIsVisible = 0;
			defaultConfigurationName = Release;
		};
/* End XCConfigurationList section */
	};
	rootObject = 7837017E23774C2700D7CE9E /* Project object */;
}
