# THIS IS AN AUTOGENERATED FILE. DO NOT EDIT THIS FILE DIRECTLY.
# yarn lockfile v1


"@expo/vector-icons@^10.0.6":
  version "10.0.6"
  resolved "https://registry.yarnpkg.com/@expo/vector-icons/-/vector-icons-10.0.6.tgz#5718953ff0b97827d11dae5787976fa8ce5caaed"
  integrity sha512-qNlKPNdf073LpeEpyClxAh0D3mmIK4TGAQzeKR0HVwf14RIEe17+mLW5Z6Ka5Ho/lUtKMRPDHumSllFyKvpeGg==
  dependencies:
    lodash "^4.17.4"

lodash@^4.17.15, lodash@^4.17.4:
  version "4.17.19"
  resolved "https://registry.yarnpkg.com/lodash/-/lodash-4.17.19.tgz#e48ddedbe30b3321783c5b4301fbd353bc1e4a4b"
  integrity sha512-JNvd8XER9GQX0v2qJgsaN/mzFCNA5BRe/j8JN9d+tWyGLSodKQHKFicdwNYzWwI3wjRnaKPsGj1XkBjx/F96DQ==

react-native-easy-grid@^0.2.2:
  version "0.2.2"
  resolved "https://registry.yarnpkg.com/react-native-easy-grid/-/react-native-easy-grid-0.2.2.tgz#f0be33620be1ebe2d2295918eb58b0a27e8272ab"
  integrity sha512-MlYrNIldnEMKn6TVatQN1P64GoVlwGIuz+8ncdfJ0Wq/xtzUkQwlil8Uksyp7MhKfENE09MQnGNcba6Mx3oSAA==
  dependencies:
    lodash "^4.17.15"
