# THIS IS AN AUTOGENERATED FILE. DO NOT EDIT THIS FILE DIRECTLY.
# yarn lockfile v1


"@expo/vector-icons@^10.0.6":
  version "10.0.6"
  resolved "https://registry.yarnpkg.com/@expo/vector-icons/-/vector-icons-10.0.6.tgz#5718953ff0b97827d11dae5787976fa8ce5caaed"
  integrity sha512-qNlKPNdf073LpeEpyClxAh0D3mmIK4TGAQzeKR0HVwf14RIEe17+mLW5Z6Ka5Ho/lUtKMRPDHumSllFyKvpeGg==
  dependencies:
    lodash "^4.17.4"

lodash@^4.17.15, lodash@^4.17.4:
  version "4.17.15"
  resolved "https://registry.yarnpkg.com/lodash/-/lodash-4.17.15.tgz#b447f6670a0455bbfeedd11392eff330ea097548"
  integrity sha512-8xOcRHvCjnocdS5cpwXQXVzmmh5e5+saE2QGoeQmbKmRS6J3VQppPOIt0MnmE+4xlZoumy0GPG0D0MVIQbNA1A==

react-native-easy-grid@^0.2.2:
  version "0.2.2"
  resolved "https://registry.yarnpkg.com/react-native-easy-grid/-/react-native-easy-grid-0.2.2.tgz#f0be33620be1ebe2d2295918eb58b0a27e8272ab"
  integrity sha512-MlYrNIldnEMKn6TVatQN1P64GoVlwGIuz+8ncdfJ0Wq/xtzUkQwlil8Uksyp7MhKfENE09MQnGNcba6Mx3oSAA==
  dependencies:
    lodash "^4.17.15"
